// !$*UTF8*$!
{
	archiveVersion = 1;
	classes = {
	};
	objectVersion = 46;
	objects = {

/* Begin PBXBuildFile section */
		B4F908C51BF8B3FA00AC89BF /* main.m in Sources */ = {isa = PBXBuildFile; fileRef = B4F908C41BF8B3FA00AC89BF /* main.m */; };
		B4F908C81BF8B3FA00AC89BF /* AppDelegate.m in Sources */ = {isa = PBXBuildFile; fileRef = B4F908C71BF8B3FA00AC89BF /* AppDelegate.m */; };
		B4F908CB1BF8B3FA00AC89BF /* ViewController.m in Sources */ = {isa = PBXBuildFile; fileRef = B4F908CA1BF8B3FA00AC89BF /* ViewController.m */; };
		B4F908CE1BF8B3FA00AC89BF /* Main.storyboard in Resources */ = {isa = PBXBuildFile; fileRef = B4F908CC1BF8B3FA00AC89BF /* Main.storyboard */; };
		B4F908D01BF8B3FA00AC89BF /* Images.xcassets in Resources */ = {isa = PBXBuildFile; fileRef = B4F908CF1BF8B3FA00AC89BF /* Images.xcassets */; };
		B4F908D31BF8B3FA00AC89BF /* LaunchScreen.xib in Resources */ = {isa = PBXBuildFile; fileRef = B4F908D11BF8B3FA00AC89BF /* LaunchScreen.xib */; };
		B4F908DF1BF8B3FA00AC89BF /* GridropTests.m in Sources */ = {isa = PBXBuildFile; fileRef = B4F908DE1BF8B3FA00AC89BF /* GridropTests.m */; };
		B4F908F11BF8B41200AC89BF /* GRBoxView.m in Sources */ = {isa = PBXBuildFile; fileRef = B4F908EA1BF8B41200AC89BF /* GRBoxView.m */; };
		B4F908F21BF8B41200AC89BF /* GRCropAssistView.m in Sources */ = {isa = PBXBuildFile; fileRef = B4F908EC1BF8B41200AC89BF /* GRCropAssistView.m */; };
		B4F908F31BF8B41200AC89BF /* GRCropView.m in Sources */ = {isa = PBXBuildFile; fileRef = B4F908EE1BF8B41200AC89BF /* GRCropView.m */; };
		B4F908F41BF8B41200AC89BF /* GRCropViewController.m in Sources */ = {isa = PBXBuildFile; fileRef = B4F908F01BF8B41200AC89BF /* GRCropViewController.m */; };
		B4F908FB1BF8B42A00AC89BF /* GRImageManager.m in Sources */ = {isa = PBXBuildFile; fileRef = B4F908F61BF8B42A00AC89BF /* GRImageManager.m */; };
		B4F908FC1BF8B42A00AC89BF /* GRMainView.m in Sources */ = {isa = PBXBuildFile; fileRef = B4F908F81BF8B42A00AC89BF /* GRMainView.m */; };
		B4F908FD1BF8B42A00AC89BF /* GRSetting.m in Sources */ = {isa = PBXBuildFile; fileRef = B4F908FA1BF8B42A00AC89BF /* GRSetting.m */; };
/* End PBXBuildFile section */

/* Begin PBXContainerItemProxy section */
		B4F908D91BF8B3FA00AC89BF /* PBXContainerItemProxy */ = {
			isa = PBXContainerItemProxy;
			containerPortal = B4F908B71BF8B3FA00AC89BF /* Project object */;
			proxyType = 1;
			remoteGlobalIDString = B4F908BE1BF8B3FA00AC89BF;
			remoteInfo = Gridrop;
		};
/* End PBXContainerItemProxy section */

/* Begin PBXFileReference section */
		B4F908BF1BF8B3FA00AC89BF /* Gridrop.app */ = {isa = PBXFileReference; explicitFileType = wrapper.application; includeInIndex = 0; path = Gridrop.app; sourceTree = BUILT_PRODUCTS_DIR; };
		B4F908C31BF8B3FA00AC89BF /* Info.plist */ = {isa = PBXFileReference; lastKnownFileType = text.plist.xml; path = Info.plist; sourceTree = "<group>"; };
		B4F908C41BF8B3FA00AC89BF /* main.m */ = {isa = PBXFileReference; lastKnownFileType = sourcecode.c.objc; path = main.m; sourceTree = "<group>"; };
		B4F908C61BF8B3FA00AC89BF /* AppDelegate.h */ = {isa = PBXFileReference; lastKnownFileType = sourcecode.c.h; path = AppDelegate.h; sourceTree = "<group>"; };
		B4F908C71BF8B3FA00AC89BF /* AppDelegate.m */ = {isa = PBXFileReference; lastKnownFileType = sourcecode.c.objc; path = AppDelegate.m; sourceTree = "<group>"; };
		B4F908C91BF8B3FA00AC89BF /* ViewController.h */ = {isa = PBXFileReference; lastKnownFileType = sourcecode.c.h; path = ViewController.h; sourceTree = "<group>"; };
		B4F908CA1BF8B3FA00AC89BF /* ViewController.m */ = {isa = PBXFileReference; lastKnownFileType = sourcecode.c.objc; path = ViewController.m; sourceTree = "<group>"; };
		B4F908CD1BF8B3FA00AC89BF /* Base */ = {isa = PBXFileReference; lastKnownFileType = file.storyboard; name = Base; path = Base.lproj/Main.storyboard; sourceTree = "<group>"; };
		B4F908CF1BF8B3FA00AC89BF /* Images.xcassets */ = {isa = PBXFileReference; lastKnownFileType = folder.assetcatalog; path = Images.xcassets; sourceTree = "<group>"; };
		B4F908D21BF8B3FA00AC89BF /* Base */ = {isa = PBXFileReference; lastKnownFileType = file.xib; name = Base; path = Base.lproj/LaunchScreen.xib; sourceTree = "<group>"; };
		B4F908D81BF8B3FA00AC89BF /* GridropTests.xctest */ = {isa = PBXFileReference; explicitFileType = wrapper.cfbundle; includeInIndex = 0; path = GridropTests.xctest; sourceTree = BUILT_PRODUCTS_DIR; };
		B4F908DD1BF8B3FA00AC89BF /* Info.plist */ = {isa = PBXFileReference; lastKnownFileType = text.plist.xml; path = Info.plist; sourceTree = "<group>"; };
		B4F908DE1BF8B3FA00AC89BF /* GridropTests.m */ = {isa = PBXFileReference; lastKnownFileType = sourcecode.c.objc; path = GridropTests.m; sourceTree = "<group>"; };
		B4F908E91BF8B41200AC89BF /* GRBoxView.h */ = {isa = PBXFileReference; fileEncoding = 4; lastKnownFileType = sourcecode.c.h; path = GRBoxView.h; sourceTree = "<group>"; };
		B4F908EA1BF8B41200AC89BF /* GRBoxView.m */ = {isa = PBXFileReference; fileEncoding = 4; lastKnownFileType = sourcecode.c.objc; path = GRBoxView.m; sourceTree = "<group>"; };
		B4F908EB1BF8B41200AC89BF /* GRCropAssistView.h */ = {isa = PBXFileReference; fileEncoding = 4; lastKnownFileType = sourcecode.c.h; path = GRCropAssistView.h; sourceTree = "<group>"; };
		B4F908EC1BF8B41200AC89BF /* GRCropAssistView.m */ = {isa = PBXFileReference; fileEncoding = 4; lastKnownFileType = sourcecode.c.objc; path = GRCropAssistView.m; sourceTree = "<group>"; };
		B4F908ED1BF8B41200AC89BF /* GRCropView.h */ = {isa = PBXFileReference; fileEncoding = 4; lastKnownFileType = sourcecode.c.h; path = GRCropView.h; sourceTree = "<group>"; };
		B4F908EE1BF8B41200AC89BF /* GRCropView.m */ = {isa = PBXFileReference; fileEncoding = 4; lastKnownFileType = sourcecode.c.objc; path = GRCropView.m; sourceTree = "<group>"; };
		B4F908EF1BF8B41200AC89BF /* GRCropViewController.h */ = {isa = PBXFileReference; fileEncoding = 4; lastKnownFileType = sourcecode.c.h; path = GRCropViewController.h; sourceTree = "<group>"; };
		B4F908F01BF8B41200AC89BF /* GRCropViewController.m */ = {isa = PBXFileReference; fileEncoding = 4; lastKnownFileType = sourcecode.c.objc; path = GRCropViewController.m; sourceTree = "<group>"; };
		B4F908F51BF8B42A00AC89BF /* GRImageManager.h */ = {isa = PBXFileReference; fileEncoding = 4; lastKnownFileType = sourcecode.c.h; path = GRImageManager.h; sourceTree = "<group>"; };
		B4F908F61BF8B42A00AC89BF /* GRImageManager.m */ = {isa = PBXFileReference; fileEncoding = 4; lastKnownFileType = sourcecode.c.objc; path = GRImageManager.m; sourceTree = "<group>"; };
		B4F908F71BF8B42A00AC89BF /* GRMainView.h */ = {isa = PBXFileReference; fileEncoding = 4; lastKnownFileType = sourcecode.c.h; path = GRMainView.h; sourceTree = "<group>"; };
		B4F908F81BF8B42A00AC89BF /* GRMainView.m */ = {isa = PBXFileReference; fileEncoding = 4; lastKnownFileType = sourcecode.c.objc; path = GRMainView.m; sourceTree = "<group>"; };
		B4F908F91BF8B42A00AC89BF /* GRSetting.h */ = {isa = PBXFileReference; fileEncoding = 4; lastKnownFileType = sourcecode.c.h; path = GRSetting.h; sourceTree = "<group>"; };
		B4F908FA1BF8B42A00AC89BF /* GRSetting.m */ = {isa = PBXFileReference; fileEncoding = 4; lastKnownFileType = sourcecode.c.objc; path = GRSetting.m; sourceTree = "<group>"; };
/* End PBXFileReference section */

/* Begin PBXFrameworksBuildPhase section */
		B4F908BC1BF8B3FA00AC89BF /* Frameworks */ = {
			isa = PBXFrameworksBuildPhase;
			buildActionMask = 2147483647;
			files = (
			);
			runOnlyForDeploymentPostprocessing = 0;
		};
		B4F908D51BF8B3FA00AC89BF /* Frameworks */ = {
			isa = PBXFrameworksBuildPhase;
			buildActionMask = 2147483647;
			files = (
			);
			runOnlyForDeploymentPostprocessing = 0;
		};
/* End PBXFrameworksBuildPhase section */

/* Begin PBXGroup section */
		B4F908B61BF8B3FA00AC89BF = {
			isa = PBXGroup;
			children = (
				B4F908C11BF8B3FA00AC89BF /* Gridrop */,
				B4F908DB1BF8B3FA00AC89BF /* GridropTests */,
				B4F908C01BF8B3FA00AC89BF /* Products */,
			);
			sourceTree = "<group>";
		};
		B4F908C01BF8B3FA00AC89BF /* Products */ = {
			isa = PBXGroup;
			children = (
				B4F908BF1BF8B3FA00AC89BF /* Gridrop.app */,
				B4F908D81BF8B3FA00AC89BF /* GridropTests.xctest */,
			);
			name = Products;
			sourceTree = "<group>";
		};
		B4F908C11BF8B3FA00AC89BF /* Gridrop */ = {
			isa = PBXGroup;
			children = (
				B4F908E81BF8B41200AC89BF /* Crop */,
				B4F908C61BF8B3FA00AC89BF /* AppDelegate.h */,
				B4F908C71BF8B3FA00AC89BF /* AppDelegate.m */,
				B4F908C91BF8B3FA00AC89BF /* ViewController.h */,
				B4F908CA1BF8B3FA00AC89BF /* ViewController.m */,
				B4F908CC1BF8B3FA00AC89BF /* Main.storyboard */,
				B4F908CF1BF8B3FA00AC89BF /* Images.xcassets */,
				B4F908D11BF8B3FA00AC89BF /* LaunchScreen.xib */,
				B4F908F51BF8B42A00AC89BF /* GRImageManager.h */,
				B4F908F61BF8B42A00AC89BF /* GRImageManager.m */,
				B4F908F71BF8B42A00AC89BF /* GRMainView.h */,
				B4F908F81BF8B42A00AC89BF /* GRMainView.m */,
				B4F908F91BF8B42A00AC89BF /* GRSetting.h */,
				B4F908FA1BF8B42A00AC89BF /* GRSetting.m */,
				B4F908C21BF8B3FA00AC89BF /* Supporting Files */,
			);
			path = Gridrop;
			sourceTree = "<group>";
		};
		B4F908C21BF8B3FA00AC89BF /* Supporting Files */ = {
			isa = PBXGroup;
			children = (
				B4F908C31BF8B3FA00AC89BF /* Info.plist */,
				B4F908C41BF8B3FA00AC89BF /* main.m */,
			);
			name = "Supporting Files";
			sourceTree = "<group>";
		};
		B4F908DB1BF8B3FA00AC89BF /* GridropTests */ = {
			isa = PBXGroup;
			children = (
				B4F908DE1BF8B3FA00AC89BF /* GridropTests.m */,
				B4F908DC1BF8B3FA00AC89BF /* Supporting Files */,
			);
			path = GridropTests;
			sourceTree = "<group>";
		};
		B4F908DC1BF8B3FA00AC89BF /* Supporting Files */ = {
			isa = PBXGroup;
			children = (
				B4F908DD1BF8B3FA00AC89BF /* Info.plist */,
			);
			name = "Supporting Files";
			sourceTree = "<group>";
		};
		B4F908E81BF8B41200AC89BF /* Crop */ = {
			isa = PBXGroup;
			children = (
				B4F908E91BF8B41200AC89BF /* GRBoxView.h */,
				B4F908EA1BF8B41200AC89BF /* GRBoxView.m */,
				B4F908EB1BF8B41200AC89BF /* GRCropAssistView.h */,
				B4F908EC1BF8B41200AC89BF /* GRCropAssistView.m */,
				B4F908ED1BF8B41200AC89BF /* GRCropView.h */,
				B4F908EE1BF8B41200AC89BF /* GRCropView.m */,
				B4F908EF1BF8B41200AC89BF /* GRCropViewController.h */,
				B4F908F01BF8B41200AC89BF /* GRCropViewController.m */,
			);
			path = Crop;
			sourceTree = "<group>";
		};
/* End PBXGroup section */

/* Begin PBXNativeTarget section */
		B4F908BE1BF8B3FA00AC89BF /* Gridrop */ = {
			isa = PBXNativeTarget;
			buildConfigurationList = B4F908E21BF8B3FA00AC89BF /* Build configuration list for PBXNativeTarget "Gridrop" */;
			buildPhases = (
				B4F908BB1BF8B3FA00AC89BF /* Sources */,
				B4F908BC1BF8B3FA00AC89BF /* Frameworks */,
				B4F908BD1BF8B3FA00AC89BF /* Resources */,
			);
			buildRules = (
			);
			dependencies = (
			);
			name = Gridrop;
			productName = Gridrop;
			productReference = B4F908BF1BF8B3FA00AC89BF /* Gridrop.app */;
			productType = "com.apple.product-type.application";
		};
		B4F908D71BF8B3FA00AC89BF /* GridropTests */ = {
			isa = PBXNativeTarget;
			buildConfigurationList = B4F908E51BF8B3FA00AC89BF /* Build configuration list for PBXNativeTarget "GridropTests" */;
			buildPhases = (
				B4F908D41BF8B3FA00AC89BF /* Sources */,
				B4F908D51BF8B3FA00AC89BF /* Frameworks */,
				B4F908D61BF8B3FA00AC89BF /* Resources */,
			);
			buildRules = (
			);
			dependencies = (
				B4F908DA1BF8B3FA00AC89BF /* PBXTargetDependency */,
			);
			name = GridropTests;
			productName = GridropTests;
			productReference = B4F908D81BF8B3FA00AC89BF /* GridropTests.xctest */;
			productType = "com.apple.product-type.bundle.unit-test";
		};
/* End PBXNativeTarget section */

/* Begin PBXProject section */
		B4F908B71BF8B3FA00AC89BF /* Project object */ = {
			isa = PBXProject;
			attributes = {
				LastUpgradeCheck = 0640;
				ORGANIZATIONNAME = Deukyeon;
				TargetAttributes = {
					B4F908BE1BF8B3FA00AC89BF = {
						CreatedOnToolsVersion = 6.4;
					};
					B4F908D71BF8B3FA00AC89BF = {
						CreatedOnToolsVersion = 6.4;
						TestTargetID = B4F908BE1BF8B3FA00AC89BF;
					};
				};
			};
			buildConfigurationList = B4F908BA1BF8B3FA00AC89BF /* Build configuration list for PBXProject "Gridrop" */;
			compatibilityVersion = "Xcode 3.2";
			developmentRegion = English;
			hasScannedForEncodings = 0;
			knownRegions = (
				en,
				Base,
			);
			mainGroup = B4F908B61BF8B3FA00AC89BF;
			productRefGroup = B4F908C01BF8B3FA00AC89BF /* Products */;
			projectDirPath = "";
			projectRoot = "";
			targets = (
				B4F908BE1BF8B3FA00AC89BF /* Gridrop */,
				B4F908D71BF8B3FA00AC89BF /* GridropTests */,
			);
		};
/* End PBXProject section */

/* Begin PBXResourcesBuildPhase section */
		B4F908BD1BF8B3FA00AC89BF /* Resources */ = {
			isa = PBXResourcesBuildPhase;
			buildActionMask = 2147483647;
			files = (
				B4F908CE1BF8B3FA00AC89BF /* Main.storyboard in Resources */,
				B4F908D31BF8B3FA00AC89BF /* LaunchScreen.xib in Resources */,
				B4F908D01BF8B3FA00AC89BF /* Images.xcassets in Resources */,
			);
			runOnlyForDeploymentPostprocessing = 0;
		};
		B4F908D61BF8B3FA00AC89BF /* Resources */ = {
			isa = PBXResourcesBuildPhase;
			buildActionMask = 2147483647;
			files = (
			);
			runOnlyForDeploymentPostprocessing = 0;
		};
/* End PBXResourcesBuildPhase section */

/* Begin PBXSourcesBuildPhase section */
		B4F908BB1BF8B3FA00AC89BF /* Sources */ = {
			isa = PBXSourcesBuildPhase;
			buildActionMask = 2147483647;
			files = (
				B4F908FD1BF8B42A00AC89BF /* GRSetting.m in Sources */,
				B4F908F21BF8B41200AC89BF /* GRCropAssistView.m in Sources */,
				B4F908CB1BF8B3FA00AC89BF /* ViewController.m in Sources */,
				B4F908F31BF8B41200AC89BF /* GRCropView.m in Sources */,
				B4F908FC1BF8B42A00AC89BF /* GRMainView.m in Sources */,
				B4F908C81BF8B3FA00AC89BF /* AppDelegate.m in Sources */,
				B4F908F11BF8B41200AC89BF /* GRBoxView.m in Sources */,
				B4F908FB1BF8B42A00AC89BF /* GRImageManager.m in Sources */,
				B4F908C51BF8B3FA00AC89BF /* main.m in Sources */,
				B4F908F41BF8B41200AC89BF /* GRCropViewController.m in Sources */,
			);
			runOnlyForDeploymentPostprocessing = 0;
		};
		B4F908D41BF8B3FA00AC89BF /* Sources */ = {
			isa = PBXSourcesBuildPhase;
			buildActionMask = 2147483647;
			files = (
				B4F908DF1BF8B3FA00AC89BF /* GridropTests.m in Sources */,
			);
			runOnlyForDeploymentPostprocessing = 0;
		};
/* End PBXSourcesBuildPhase section */

/* Begin PBXTargetDependency section */
		B4F908DA1BF8B3FA00AC89BF /* PBXTargetDependency */ = {
			isa = PBXTargetDependency;
			target = B4F908BE1BF8B3FA00AC89BF /* Gridrop */;
			targetProxy = B4F908D91BF8B3FA00AC89BF /* PBXContainerItemProxy */;
		};
/* End PBXTargetDependency section */

/* Begin PBXVariantGroup section */
		B4F908CC1BF8B3FA00AC89BF /* Main.storyboard */ = {
			isa = PBXVariantGroup;
			children = (
				B4F908CD1BF8B3FA00AC89BF /* Base */,
			);
			name = Main.storyboard;
			sourceTree = "<group>";
		};
		B4F908D11BF8B3FA00AC89BF /* LaunchScreen.xib */ = {
			isa = PBXVariantGroup;
			children = (
				B4F908D21BF8B3FA00AC89BF /* Base */,
			);
			name = LaunchScreen.xib;
			sourceTree = "<group>";
		};
/* End PBXVariantGroup section */

/* Begin XCBuildConfiguration section */
		B4F908E01BF8B3FA00AC89BF /* Debug */ = {
			isa = XCBuildConfiguration;
			buildSettings = {
				ALWAYS_SEARCH_USER_PATHS = NO;
				CLANG_CXX_LANGUAGE_STANDARD = "gnu++0x";
				CLANG_CXX_LIBRARY = "libc++";
				CLANG_ENABLE_MODULES = YES;
				CLANG_ENABLE_OBJC_ARC = NO;
				CLANG_WARN_BOOL_CONVERSION = YES;
				CLANG_WARN_CONSTANT_CONVERSION = YES;
				CLANG_WARN_DIRECT_OBJC_ISA_USAGE = YES_ERROR;
				CLANG_WARN_EMPTY_BODY = YES;
				CLANG_WARN_ENUM_CONVERSION = YES;
				CLANG_WARN_INT_CONVERSION = YES;
				CLANG_WARN_OBJC_ROOT_CLASS = YES_ERROR;
				CLANG_WARN_UNREACHABLE_CODE = YES;
				CLANG_WARN__DUPLICATE_METHOD_MATCH = YES;
				"CODE_SIGN_IDENTITY[sdk=iphoneos*]" = "iPhone Developer";
				COPY_PHASE_STRIP = NO;
				DEBUG_INFORMATION_FORMAT = "dwarf-with-dsym";
				ENABLE_STRICT_OBJC_MSGSEND = YES;
				GCC_C_LANGUAGE_STANDARD = gnu99;
				GCC_DYNAMIC_NO_PIC = NO;
				GCC_NO_COMMON_BLOCKS = YES;
				GCC_OPTIMIZATION_LEVEL = 0;
				GCC_PREPROCESSOR_DEFINITIONS = (
					"DEBUG=1",
					"$(inherited)",
				);
				GCC_SYMBOLS_PRIVATE_EXTERN = NO;
				GCC_WARN_64_TO_32_BIT_CONVERSION = YES;
				GCC_WARN_ABOUT_RETURN_TYPE = YES_ERROR;
				GCC_WARN_UNDECLARED_SELECTOR = YES;
				GCC_WARN_UNINITIALIZED_AUTOS = YES_AGGRESSIVE;
				GCC_WARN_UNUSED_FUNCTION = YES;
				GCC_WARN_UNUSED_VARIABLE = YES;
				IPHONEOS_DEPLOYMENT_TARGET = 8.4;
				MTL_ENABLE_DEBUG_INFO = YES;
				ONLY_ACTIVE_ARCH = YES;
				SDKROOT = iphoneos;
			};
			name = Debug;
		};
		B4F908E11BF8B3FA00AC89BF /* Release */ = {
			isa = XCBuildConfiguration;
			buildSettings = {
				ALWAYS_SEARCH_USER_PATHS = NO;
				CLANG_CXX_LANGUAGE_STANDARD = "gnu++0x";
				CLANG_CXX_LIBRARY = "libc++";
				CLANG_ENABLE_MODULES = YES;
				CLANG_ENABLE_OBJC_ARC = NO;
				CLANG_WARN_BOOL_CONVERSION = YES;
				CLANG_WARN_CONSTANT_CONVERSION = YES;
				CLANG_WARN_DIRECT_OBJC_ISA_USAGE = YES_ERROR;
				CLANG_WARN_EMPTY_BODY = YES;
				CLANG_WARN_ENUM_CONVERSION = YES;
				CLANG_WARN_INT_CONVERSION = YES;
				CLANG_WARN_OBJC_ROOT_CLASS = YES_ERROR;
				CLANG_WARN_UNREACHABLE_CODE = YES;
				CLANG_WARN__DUPLICATE_METHOD_MATCH = YES;
				"CODE_SIGN_IDENTITY[sdk=iphoneos*]" = "iPhone Developer";
				COPY_PHASE_STRIP = NO;
				DEBUG_INFORMATION_FORMAT = "dwarf-with-dsym";
				ENABLE_NS_ASSERTIONS = NO;
				ENABLE_STRICT_OBJC_MSGSEND = YES;
				GCC_C_LANGUAGE_STANDARD = gnu99;
				GCC_NO_COMMON_BLOCKS = YES;
				GCC_WARN_64_TO_32_BIT_CONVERSION = YES;
				GCC_WARN_ABOUT_RETURN_TYPE = YES_ERROR;
				GCC_WARN_UNDECLARED_SELECTOR = YES;
				GCC_WARN_UNINITIALIZED_AUTOS = YES_AGGRESSIVE;
				GCC_WARN_UNUSED_FUNCTION = YES;
				GCC_WARN_UNUSED_VARIABLE = YES;
				IPHONEOS_DEPLOYMENT_TARGET = 8.4;
				MTL_ENABLE_DEBUG_INFO = NO;
				SDKROOT = iphoneos;
				VALIDATE_PRODUCT = YES;
			};
			name = Release;
		};
		B4F908E31BF8B3FA00AC89BF /* Debug */ = {
			isa = XCBuildConfiguration;
			buildSettings = {
				ASSETCATALOG_COMPILER_APPICON_NAME = AppIcon;
				INFOPLIST_FILE = Gridrop/Info.plist;
				IPHONEOS_DEPLOYMENT_TARGET = 7.0;
				LD_RUNPATH_SEARCH_PATHS = "$(inherited) @executable_path/Frameworks";
				PRODUCT_NAME = "$(TARGET_NAME)";
			};
			name = Debug;
		};
		B4F908E41BF8B3FA00AC89BF /* Release */ = {
			isa = XCBuildConfiguration;
			buildSettings = {
				ASSETCATALOG_COMPILER_APPICON_NAME = AppIcon;
				INFOPLIST_FILE = Gridrop/Info.plist;
				IPHONEOS_DEPLOYMENT_TARGET = 7.0;
				LD_RUNPATH_SEARCH_PATHS = "$(inherited) @executable_path/Frameworks";
				PRODUCT_NAME = "$(TARGET_NAME)";
			};
			name = Release;
		};
		B4F908E61BF8B3FA00AC89BF /* Debug */ = {
			isa = XCBuildConfiguration;
			buildSettings = {
				BUNDLE_LOADER = "$(TEST_HOST)";
				FRAMEWORK_SEARCH_PATHS = (
					"$(SDKROOT)/Developer/Library/Frameworks",
					"$(inherited)",
				);
				GCC_PREPROCESSOR_DEFINITIONS = (
					"DEBUG=1",
					"$(inherited)",
				);
				INFOPLIST_FILE = GridropTests/Info.plist;
				LD_RUNPATH_SEARCH_PATHS = "$(inherited) @executable_path/Frameworks @loader_path/Frameworks";
				PRODUCT_NAME = "$(TARGET_NAME)";
				TEST_HOST = "$(BUILT_PRODUCTS_DIR)/Gridrop.app/Gridrop";
			};
			name = Debug;
		};
		B4F908E71BF8B3FA00AC89BF /* Release */ = {
			isa = XCBuildConfiguration;
			buildSettings = {
				BUNDLE_LOADER = "$(TEST_HOST)";
				FRAMEWORK_SEARCH_PATHS = (
					"$(SDKROOT)/Developer/Library/Frameworks",
					"$(inherited)",
				);
				INFOPLIST_FILE = GridropTests/Info.plist;
				LD_RUNPATH_SEARCH_PATHS = "$(inherited) @executable_path/Frameworks @loader_path/Frameworks";
				PRODUCT_NAME = "$(TARGET_NAME)";
				TEST_HOST = "$(BUILT_PRODUCTS_DIR)/Gridrop.app/Gridrop";
			};
			name = Release;
		};
/* End XCBuildConfiguration section */

/* Begin XCConfigurationList section */
		B4F908BA1BF8B3FA00AC89BF /* Build configuration list for PBXProject "Gridrop" */ = {
			isa = XCConfigurationList;
			buildConfigurations = (
				B4F908E01BF8B3FA00AC89BF /* Debug */,
				B4F908E11BF8B3FA00AC89BF /* Release */,
			);
			defaultConfigurationIsVisible = 0;
			defaultConfigurationName = Release;
		};
		B4F908E21BF8B3FA00AC89BF /* Build configuration list for PBXNativeTarget "Gridrop" */ = {
			isa = XCConfigurationList;
			buildConfigurations = (
				B4F908E31BF8B3FA00AC89BF /* Debug */,
				B4F908E41BF8B3FA00AC89BF /* Release */,
			);
			defaultConfigurationIsVisible = 0;
		};
		B4F908E51BF8B3FA00AC89BF /* Build configuration list for PBXNativeTarget "GridropTests" */ = {
			isa = XCConfigurationList;
			buildConfigurations = (
				B4F908E61BF8B3FA00AC89BF /* Debug */,
				B4F908E71BF8B3FA00AC89BF /* Release */,
			);
			defaultConfigurationIsVisible = 0;
		};
/* End XCConfigurationList section */
	};
	rootObject = B4F908B71BF8B3FA00AC89BF /* Project object */;
}
